
Microsoft Visual Studio Solution File, Format Version 12.00
Project("{FAE04EC0-301F-11D3-BF4B-00C04F79EFBC}") = "Itmo.Dev.Platform.YandexCloud", "src\Itmo.Dev.Platform.YandexCloud\Itmo.Dev.Platform.YandexCloud.csproj", "{360CAAF7-7E52-4537-9BDC-1C6FC24EA437}"
EndProject
Project("{2150E333-8FDC-42A3-9474-1A3956D46DE8}") = "common", "common", "{65E3EDFE-875D-42A1-A224-E06E746B8A5E}"
	ProjectSection(SolutionItems) = preProject
		Directory.Build.props = Directory.Build.props
		Directory.Packages.props = Directory.Packages.props
		.editorconfig = .editorconfig
		README.md = README.md
	EndProjectSection
EndProject
Project("{FAE04EC0-301F-11D3-BF4B-00C04F79EFBC}") = "Itmo.Dev.Platform.Common", "src\Itmo.Dev.Platform.Common\Itmo.Dev.Platform.Common.csproj", "{3485ECDD-43E0-4E86-916E-CC0CBA084FA5}"
EndProject
Project("{2150E333-8FDC-42A3-9474-1A3956D46DE8}") = "workflows", "workflows", "{9C9FC028-1F10-42B3-8938-A3EAE0D07C1F}"
	ProjectSection(SolutionItems) = preProject
		.github\workflows\package-publish.yaml = .github\workflows\package-publish.yaml
		.github\workflows\dotnet.yaml = .github\workflows\dotnet.yaml
		.github\workflows\build-test-kafka.yaml = .github\workflows\build-test-kafka.yaml
		.github\workflows\build-test-postgres.yaml = .github\workflows\build-test-postgres.yaml
		.github\workflows\build-test-background-tasks.yaml = .github\workflows\build-test-background-tasks.yaml
		.github\workflows\build-test-message-persistence.yaml = .github\workflows\build-test-message-persistence.yaml
	EndProjectSection
EndProject
Project("{2150E333-8FDC-42A3-9474-1A3956D46DE8}") = "src", "src", "{8B6CE8C2-3319-44B9-A8B7-19F5F94B911D}"
EndProject
Project("{FAE04EC0-301F-11D3-BF4B-00C04F79EFBC}") = "Itmo.Dev.Platform.Kafka", "src\Itmo.Dev.Platform.Kafka\Itmo.Dev.Platform.Kafka.csproj", "{BC3D9F6A-9511-4978-BE97-C777EF22121E}"
EndProject
Project("{2150E333-8FDC-42A3-9474-1A3956D46DE8}") = "tests", "tests", "{B24A2836-A847-40AB-85A2-6590ABA8ACB2}"
EndProject
Project("{FAE04EC0-301F-11D3-BF4B-00C04F79EFBC}") = "Itmo.Dev.Platform.Kafka.Tests", "tests\Itmo.Dev.Platform.Kafka.Tests\Itmo.Dev.Platform.Kafka.Tests.csproj", "{713610E9-F866-4C7E-96ED-4B486509E3A3}"
EndProject
Project("{FAE04EC0-301F-11D3-BF4B-00C04F79EFBC}") = "Itmo.Dev.Platform.Postgres", "src\Itmo.Dev.Platform.Postgres\Itmo.Dev.Platform.Postgres.csproj", "{FF785BFD-FCB1-465E-9728-B15C7DF314FF}"
EndProject
Project("{FAE04EC0-301F-11D3-BF4B-00C04F79EFBC}") = "Itmo.Dev.Platform.Testing", "src\Itmo.Dev.Platform.Testing\Itmo.Dev.Platform.Testing.csproj", "{5C33DB36-4A17-4799-AA7C-CD2DF84E48A1}"
EndProject
Project("{FAE04EC0-301F-11D3-BF4B-00C04F79EFBC}") = "Itmo.Dev.Platform.Postgres.Tests", "tests\Itmo.Dev.Platform.Postgres.Tests\Itmo.Dev.Platform.Postgres.Tests.csproj", "{F8B0E1C9-E21C-419B-9239-1EF95FDA126C}"
EndProject
Project("{FAE04EC0-301F-11D3-BF4B-00C04F79EFBC}") = "Itmo.Dev.Platform.Logging", "src\Itmo.Dev.Platform.Logging\Itmo.Dev.Platform.Logging.csproj", "{5038B14B-967D-4AD9-87AF-F15DFAB22A8B}"
EndProject
Project("{FAE04EC0-301F-11D3-BF4B-00C04F79EFBC}") = "Itmo.Dev.Platform.BackgroundTasks", "src\Itmo.Dev.Platform.BackgroundTasks\Itmo.Dev.Platform.BackgroundTasks.csproj", "{4B746FAA-12FA-4E89-879B-3C456BAED2D2}"
EndProject
Project("{FAE04EC0-301F-11D3-BF4B-00C04F79EFBC}") = "Itmo.Dev.Platform.BackgroundTasks.Tests", "tests\Itmo.Dev.Platform.BackgroundTasks.Tests\Itmo.Dev.Platform.BackgroundTasks.Tests.csproj", "{5DD567D1-35DE-4B65-98AC-14FB652BF6C7}"
EndProject
Project("{FAE04EC0-301F-11D3-BF4B-00C04F79EFBC}") = "Itmo.Dev.Platform.BackgroundTasks.Tests.Startup", "tests\Itmo.Dev.Platform.BackgroundTasks.Tests.Startup\Itmo.Dev.Platform.BackgroundTasks.Tests.Startup.csproj", "{C1167004-5A6C-4420-A784-7186F427A458}"
EndProject
Project("{2150E333-8FDC-42A3-9474-1A3956D46DE8}") = "benchmarks", "benchmarks", "{EBA4A79B-F695-4E03-AACD-147E981335FD}"
EndProject
Project("{FAE04EC0-301F-11D3-BF4B-00C04F79EFBC}") = "Itmo.Dev.Platform.Postgres.Benchmarks", "benchmarks\Itmo.Dev.Platform.Postgres.Benchmarks\Itmo.Dev.Platform.Postgres.Benchmarks.csproj", "{352E1FB1-84E6-4852-8059-CCC223D50317}"
EndProject
Project("{FAE04EC0-301F-11D3-BF4B-00C04F79EFBC}") = "Itmo.Dev.Platform.Locking", "src\Itmo.Dev.Platform.Locking\Itmo.Dev.Platform.Locking.csproj", "{D936C0C2-FCA9-4C53-83B4-25CC52A748DF}"
EndProject
Project("{FAE04EC0-301F-11D3-BF4B-00C04F79EFBC}") = "Itmo.Dev.Platform.Events", "src\Itmo.Dev.Platform.Events\Itmo.Dev.Platform.Events.csproj", "{6421E7C1-BB5B-4E01-AFF3-5EFD05EF3DB3}"
EndProject
Project("{FAE04EC0-301F-11D3-BF4B-00C04F79EFBC}") = "Itmo.Dev.Platform.Events.Tests", "tests\Itmo.Dev.Platform.Events.Tests\Itmo.Dev.Platform.Events.Tests.csproj", "{51A094C3-3791-4A58-9869-D6854185E4EB}"
EndProject
Project("{2150E333-8FDC-42A3-9474-1A3956D46DE8}") = "samples", "samples", "{F90D3EA4-0AB5-4AB6-9035-0DD72576A1C2}"
EndProject
Project("{FAE04EC0-301F-11D3-BF4B-00C04F79EFBC}") = "Itmo.Dev.Platform.BackgroundTasks.Samples", "samples\Itmo.Dev.Platform.BackgroundTasks.Samples\Itmo.Dev.Platform.BackgroundTasks.Samples.csproj", "{F07226F7-D5A4-4178-AEEA-2B8263B49D16}"
EndProject
Project("{FAE04EC0-301F-11D3-BF4B-00C04F79EFBC}") = "Itmo.Dev.Platform.MessagePersistence", "src\Itmo.Dev.Platform.MessagePersistence\Itmo.Dev.Platform.MessagePersistence.csproj", "{99D38A59-B2D8-4686-B092-91DC269C6147}"
EndProject
Project("{FAE04EC0-301F-11D3-BF4B-00C04F79EFBC}") = "Itmo.Dev.Platform.MessagePersistence.Tests", "tests\Itmo.Dev.Platform.MessagePersistence.Tests\Itmo.Dev.Platform.MessagePersistence.Tests.csproj", "{18F6313E-9363-462C-9514-53C9CD5628FB}"
EndProject
Project("{FAE04EC0-301F-11D3-BF4B-00C04F79EFBC}") = "Itmo.Dev.Platform.MessagePersistence.Tests.Startup", "tests\Itmo.Dev.Platform.MessagePersistence.Tests.Startup\Itmo.Dev.Platform.MessagePersistence.Tests.Startup.csproj", "{4B7844A6-605C-438D-8B6F-5CD2182DFE62}"
EndProject
Project("{FAE04EC0-301F-11D3-BF4B-00C04F79EFBC}") = "Itmo.Dev.Platform.Kafka.Tests.Startup", "tests\Itmo.Dev.Platform.Kafka.Tests.Startup\Itmo.Dev.Platform.Kafka.Tests.Startup.csproj", "{9F2EF323-9C3D-4656-AB12-ADEB1C2727B2}"
EndProject
Global
	GlobalSection(SolutionConfigurationPlatforms) = preSolution
		Debug|Any CPU = Debug|Any CPU
		Release|Any CPU = Release|Any CPU
	EndGlobalSection
	GlobalSection(ProjectConfigurationPlatforms) = postSolution
		{360CAAF7-7E52-4537-9BDC-1C6FC24EA437}.Debug|Any CPU.ActiveCfg = Debug|Any CPU
		{360CAAF7-7E52-4537-9BDC-1C6FC24EA437}.Debug|Any CPU.Build.0 = Debug|Any CPU
		{360CAAF7-7E52-4537-9BDC-1C6FC24EA437}.Release|Any CPU.ActiveCfg = Release|Any CPU
		{360CAAF7-7E52-4537-9BDC-1C6FC24EA437}.Release|Any CPU.Build.0 = Release|Any CPU
		{3485ECDD-43E0-4E86-916E-CC0CBA084FA5}.Debug|Any CPU.ActiveCfg = Debug|Any CPU
		{3485ECDD-43E0-4E86-916E-CC0CBA084FA5}.Debug|Any CPU.Build.0 = Debug|Any CPU
		{3485ECDD-43E0-4E86-916E-CC0CBA084FA5}.Release|Any CPU.ActiveCfg = Release|Any CPU
		{3485ECDD-43E0-4E86-916E-CC0CBA084FA5}.Release|Any CPU.Build.0 = Release|Any CPU
		{BC3D9F6A-9511-4978-BE97-C777EF22121E}.Debug|Any CPU.ActiveCfg = Debug|Any CPU
		{BC3D9F6A-9511-4978-BE97-C777EF22121E}.Debug|Any CPU.Build.0 = Debug|Any CPU
		{BC3D9F6A-9511-4978-BE97-C777EF22121E}.Release|Any CPU.ActiveCfg = Release|Any CPU
		{BC3D9F6A-9511-4978-BE97-C777EF22121E}.Release|Any CPU.Build.0 = Release|Any CPU
		{713610E9-F866-4C7E-96ED-4B486509E3A3}.Debug|Any CPU.ActiveCfg = Debug|Any CPU
		{713610E9-F866-4C7E-96ED-4B486509E3A3}.Debug|Any CPU.Build.0 = Debug|Any CPU
		{713610E9-F866-4C7E-96ED-4B486509E3A3}.Release|Any CPU.ActiveCfg = Release|Any CPU
		{713610E9-F866-4C7E-96ED-4B486509E3A3}.Release|Any CPU.Build.0 = Release|Any CPU
		{FF785BFD-FCB1-465E-9728-B15C7DF314FF}.Debug|Any CPU.ActiveCfg = Debug|Any CPU
		{FF785BFD-FCB1-465E-9728-B15C7DF314FF}.Debug|Any CPU.Build.0 = Debug|Any CPU
		{FF785BFD-FCB1-465E-9728-B15C7DF314FF}.Release|Any CPU.ActiveCfg = Release|Any CPU
		{FF785BFD-FCB1-465E-9728-B15C7DF314FF}.Release|Any CPU.Build.0 = Release|Any CPU
		{5C33DB36-4A17-4799-AA7C-CD2DF84E48A1}.Debug|Any CPU.ActiveCfg = Debug|Any CPU
		{5C33DB36-4A17-4799-AA7C-CD2DF84E48A1}.Debug|Any CPU.Build.0 = Debug|Any CPU
		{5C33DB36-4A17-4799-AA7C-CD2DF84E48A1}.Release|Any CPU.ActiveCfg = Release|Any CPU
		{5C33DB36-4A17-4799-AA7C-CD2DF84E48A1}.Release|Any CPU.Build.0 = Release|Any CPU
		{F8B0E1C9-E21C-419B-9239-1EF95FDA126C}.Debug|Any CPU.ActiveCfg = Debug|Any CPU
		{F8B0E1C9-E21C-419B-9239-1EF95FDA126C}.Debug|Any CPU.Build.0 = Debug|Any CPU
		{F8B0E1C9-E21C-419B-9239-1EF95FDA126C}.Release|Any CPU.ActiveCfg = Release|Any CPU
		{F8B0E1C9-E21C-419B-9239-1EF95FDA126C}.Release|Any CPU.Build.0 = Release|Any CPU
		{5038B14B-967D-4AD9-87AF-F15DFAB22A8B}.Debug|Any CPU.ActiveCfg = Debug|Any CPU
		{5038B14B-967D-4AD9-87AF-F15DFAB22A8B}.Debug|Any CPU.Build.0 = Debug|Any CPU
		{5038B14B-967D-4AD9-87AF-F15DFAB22A8B}.Release|Any CPU.ActiveCfg = Release|Any CPU
		{5038B14B-967D-4AD9-87AF-F15DFAB22A8B}.Release|Any CPU.Build.0 = Release|Any CPU
		{4B746FAA-12FA-4E89-879B-3C456BAED2D2}.Debug|Any CPU.ActiveCfg = Debug|Any CPU
		{4B746FAA-12FA-4E89-879B-3C456BAED2D2}.Debug|Any CPU.Build.0 = Debug|Any CPU
		{4B746FAA-12FA-4E89-879B-3C456BAED2D2}.Release|Any CPU.ActiveCfg = Release|Any CPU
		{4B746FAA-12FA-4E89-879B-3C456BAED2D2}.Release|Any CPU.Build.0 = Release|Any CPU
		{5DD567D1-35DE-4B65-98AC-14FB652BF6C7}.Debug|Any CPU.ActiveCfg = Debug|Any CPU
		{5DD567D1-35DE-4B65-98AC-14FB652BF6C7}.Debug|Any CPU.Build.0 = Debug|Any CPU
		{5DD567D1-35DE-4B65-98AC-14FB652BF6C7}.Release|Any CPU.ActiveCfg = Release|Any CPU
		{5DD567D1-35DE-4B65-98AC-14FB652BF6C7}.Release|Any CPU.Build.0 = Release|Any CPU
		{C1167004-5A6C-4420-A784-7186F427A458}.Debug|Any CPU.ActiveCfg = Debug|Any CPU
		{C1167004-5A6C-4420-A784-7186F427A458}.Debug|Any CPU.Build.0 = Debug|Any CPU
		{C1167004-5A6C-4420-A784-7186F427A458}.Release|Any CPU.ActiveCfg = Release|Any CPU
		{C1167004-5A6C-4420-A784-7186F427A458}.Release|Any CPU.Build.0 = Release|Any CPU
		{352E1FB1-84E6-4852-8059-CCC223D50317}.Debug|Any CPU.ActiveCfg = Debug|Any CPU
		{352E1FB1-84E6-4852-8059-CCC223D50317}.Debug|Any CPU.Build.0 = Debug|Any CPU
		{352E1FB1-84E6-4852-8059-CCC223D50317}.Release|Any CPU.ActiveCfg = Release|Any CPU
		{352E1FB1-84E6-4852-8059-CCC223D50317}.Release|Any CPU.Build.0 = Release|Any CPU
		{D936C0C2-FCA9-4C53-83B4-25CC52A748DF}.Debug|Any CPU.ActiveCfg = Debug|Any CPU
		{D936C0C2-FCA9-4C53-83B4-25CC52A748DF}.Debug|Any CPU.Build.0 = Debug|Any CPU
		{D936C0C2-FCA9-4C53-83B4-25CC52A748DF}.Release|Any CPU.ActiveCfg = Release|Any CPU
		{D936C0C2-FCA9-4C53-83B4-25CC52A748DF}.Release|Any CPU.Build.0 = Release|Any CPU
		{6421E7C1-BB5B-4E01-AFF3-5EFD05EF3DB3}.Debug|Any CPU.ActiveCfg = Debug|Any CPU
		{6421E7C1-BB5B-4E01-AFF3-5EFD05EF3DB3}.Debug|Any CPU.Build.0 = Debug|Any CPU
		{6421E7C1-BB5B-4E01-AFF3-5EFD05EF3DB3}.Release|Any CPU.ActiveCfg = Release|Any CPU
		{6421E7C1-BB5B-4E01-AFF3-5EFD05EF3DB3}.Release|Any CPU.Build.0 = Release|Any CPU
		{51A094C3-3791-4A58-9869-D6854185E4EB}.Debug|Any CPU.ActiveCfg = Debug|Any CPU
		{51A094C3-3791-4A58-9869-D6854185E4EB}.Debug|Any CPU.Build.0 = Debug|Any CPU
		{51A094C3-3791-4A58-9869-D6854185E4EB}.Release|Any CPU.ActiveCfg = Release|Any CPU
		{51A094C3-3791-4A58-9869-D6854185E4EB}.Release|Any CPU.Build.0 = Release|Any CPU
		{F07226F7-D5A4-4178-AEEA-2B8263B49D16}.Debug|Any CPU.ActiveCfg = Debug|Any CPU
		{F07226F7-D5A4-4178-AEEA-2B8263B49D16}.Debug|Any CPU.Build.0 = Debug|Any CPU
		{F07226F7-D5A4-4178-AEEA-2B8263B49D16}.Release|Any CPU.ActiveCfg = Release|Any CPU
		{F07226F7-D5A4-4178-AEEA-2B8263B49D16}.Release|Any CPU.Build.0 = Release|Any CPU
		{99D38A59-B2D8-4686-B092-91DC269C6147}.Debug|Any CPU.ActiveCfg = Debug|Any CPU
		{99D38A59-B2D8-4686-B092-91DC269C6147}.Debug|Any CPU.Build.0 = Debug|Any CPU
		{99D38A59-B2D8-4686-B092-91DC269C6147}.Release|Any CPU.ActiveCfg = Release|Any CPU
		{99D38A59-B2D8-4686-B092-91DC269C6147}.Release|Any CPU.Build.0 = Release|Any CPU
		{18F6313E-9363-462C-9514-53C9CD5628FB}.Debug|Any CPU.ActiveCfg = Debug|Any CPU
		{18F6313E-9363-462C-9514-53C9CD5628FB}.Debug|Any CPU.Build.0 = Debug|Any CPU
		{18F6313E-9363-462C-9514-53C9CD5628FB}.Release|Any CPU.ActiveCfg = Release|Any CPU
		{18F6313E-9363-462C-9514-53C9CD5628FB}.Release|Any CPU.Build.0 = Release|Any CPU
		{4B7844A6-605C-438D-8B6F-5CD2182DFE62}.Debug|Any CPU.ActiveCfg = Debug|Any CPU
		{4B7844A6-605C-438D-8B6F-5CD2182DFE62}.Debug|Any CPU.Build.0 = Debug|Any CPU
		{4B7844A6-605C-438D-8B6F-5CD2182DFE62}.Release|Any CPU.ActiveCfg = Release|Any CPU
		{4B7844A6-605C-438D-8B6F-5CD2182DFE62}.Release|Any CPU.Build.0 = Release|Any CPU
		{9F2EF323-9C3D-4656-AB12-ADEB1C2727B2}.Debug|Any CPU.ActiveCfg = Debug|Any CPU
		{9F2EF323-9C3D-4656-AB12-ADEB1C2727B2}.Debug|Any CPU.Build.0 = Debug|Any CPU
		{9F2EF323-9C3D-4656-AB12-ADEB1C2727B2}.Release|Any CPU.ActiveCfg = Release|Any CPU
		{9F2EF323-9C3D-4656-AB12-ADEB1C2727B2}.Release|Any CPU.Build.0 = Release|Any CPU
	EndGlobalSection
	GlobalSection(NestedProjects) = preSolution
		{9C9FC028-1F10-42B3-8938-A3EAE0D07C1F} = {65E3EDFE-875D-42A1-A224-E06E746B8A5E}
		{3485ECDD-43E0-4E86-916E-CC0CBA084FA5} = {8B6CE8C2-3319-44B9-A8B7-19F5F94B911D}
		{360CAAF7-7E52-4537-9BDC-1C6FC24EA437} = {8B6CE8C2-3319-44B9-A8B7-19F5F94B911D}
		{BC3D9F6A-9511-4978-BE97-C777EF22121E} = {8B6CE8C2-3319-44B9-A8B7-19F5F94B911D}
		{713610E9-F866-4C7E-96ED-4B486509E3A3} = {B24A2836-A847-40AB-85A2-6590ABA8ACB2}
		{FF785BFD-FCB1-465E-9728-B15C7DF314FF} = {8B6CE8C2-3319-44B9-A8B7-19F5F94B911D}
		{5C33DB36-4A17-4799-AA7C-CD2DF84E48A1} = {8B6CE8C2-3319-44B9-A8B7-19F5F94B911D}
		{F8B0E1C9-E21C-419B-9239-1EF95FDA126C} = {B24A2836-A847-40AB-85A2-6590ABA8ACB2}
		{5038B14B-967D-4AD9-87AF-F15DFAB22A8B} = {8B6CE8C2-3319-44B9-A8B7-19F5F94B911D}
		{4B746FAA-12FA-4E89-879B-3C456BAED2D2} = {8B6CE8C2-3319-44B9-A8B7-19F5F94B911D}
		{5DD567D1-35DE-4B65-98AC-14FB652BF6C7} = {B24A2836-A847-40AB-85A2-6590ABA8ACB2}
		{C1167004-5A6C-4420-A784-7186F427A458} = {B24A2836-A847-40AB-85A2-6590ABA8ACB2}
		{352E1FB1-84E6-4852-8059-CCC223D50317} = {EBA4A79B-F695-4E03-AACD-147E981335FD}
		{D936C0C2-FCA9-4C53-83B4-25CC52A748DF} = {8B6CE8C2-3319-44B9-A8B7-19F5F94B911D}
		{6421E7C1-BB5B-4E01-AFF3-5EFD05EF3DB3} = {8B6CE8C2-3319-44B9-A8B7-19F5F94B911D}
		{51A094C3-3791-4A58-9869-D6854185E4EB} = {B24A2836-A847-40AB-85A2-6590ABA8ACB2}
		{F07226F7-D5A4-4178-AEEA-2B8263B49D16} = {F90D3EA4-0AB5-4AB6-9035-0DD72576A1C2}
		{99D38A59-B2D8-4686-B092-91DC269C6147} = {8B6CE8C2-3319-44B9-A8B7-19F5F94B911D}
		{18F6313E-9363-462C-9514-53C9CD5628FB} = {B24A2836-A847-40AB-85A2-6590ABA8ACB2}
		{4B7844A6-605C-438D-8B6F-5CD2182DFE62} = {B24A2836-A847-40AB-85A2-6590ABA8ACB2}
		{9F2EF323-9C3D-4656-AB12-ADEB1C2727B2} = {B24A2836-A847-40AB-85A2-6590ABA8ACB2}
	EndGlobalSection
EndGlobal
